{
  "requires": true,
  "lockfileVersion": 1,
  "dependencies": {
    "insomnia-plugin-bingorandomnumber": {
      "version": "1.1.1",
      "resolved": "https://registry.npm.taobao.org/insomnia-plugin-bingorandomnumber/download/insomnia-plugin-bingorandomnumber-1.1.1.tgz",
      "integrity": "sha1-idRemo0glPMQGB78yM8zuzhBSMg="
    }
  }
}
